
Microsoft Visual Studio Solution File, Format Version 12.00
# Visual Studio 15
VisualStudioVersion = 15.0.28307.136
MinimumVisualStudioVersion = 10.0.40219.1
Project("{FAE04EC0-301F-11D3-BF4B-00C04F79EFBC}") = "DataAccess", "DataAccess\DataAccess.csproj", "{88A2D039-72F9-4F6C-88A8-73DBF8D1FAFD}"
EndProject
Project("{FAE04EC0-301F-11D3-BF4B-00C04F79EFBC}") = "Business", "Business\Business.csproj", "{B8BEC942-135A-49B5-8177-615BC7DBA304}"
EndProject
Project("{FAE04EC0-301F-11D3-BF4B-00C04F79EFBC}") = "Core", "Core\Core.csproj", "{BB00E659-E5D8-45B3-86E6-30179853C555}"
EndProject
Project("{FAE04EC0-301F-11D3-BF4B-00C04F79EFBC}") = "Entities", "Entities\Entities.csproj", "{224243AB-78C8-48DF-823E-4A7B74F9640A}"
EndProject
Project("{FAE04EC0-301F-11D3-BF4B-00C04F79EFBC}") = "UnitTest", "UnitTest\UnitTest.csproj", "{5CB0035A-10BE-450A-B50D-5BB4E1AEEEE9}"
EndProject
Global
	GlobalSection(SolutionConfigurationPlatforms) = preSolution
		Debug|Any CPU = Debug|Any CPU
		Release|Any CPU = Release|Any CPU
	EndGlobalSection
	GlobalSection(ProjectConfigurationPlatforms) = postSolution
		{88A2D039-72F9-4F6C-88A8-73DBF8D1FAFD}.Debug|Any CPU.ActiveCfg = Debug|Any CPU
		{88A2D039-72F9-4F6C-88A8-73DBF8D1FAFD}.Debug|Any CPU.Build.0 = Debug|Any CPU
		{88A2D039-72F9-4F6C-88A8-73DBF8D1FAFD}.Release|Any CPU.ActiveCfg = Release|Any CPU
		{88A2D039-72F9-4F6C-88A8-73DBF8D1FAFD}.Release|Any CPU.Build.0 = Release|Any CPU
		{B8BEC942-135A-49B5-8177-615BC7DBA304}.Debug|Any CPU.ActiveCfg = Debug|Any CPU
		{B8BEC942-135A-49B5-8177-615BC7DBA304}.Debug|Any CPU.Build.0 = Debug|Any CPU
		{B8BEC942-135A-49B5-8177-615BC7DBA304}.Release|Any CPU.ActiveCfg = Release|Any CPU
		{B8BEC942-135A-49B5-8177-615BC7DBA304}.Release|Any CPU.Build.0 = Release|Any CPU
		{BB00E659-E5D8-45B3-86E6-30179853C555}.Debug|Any CPU.ActiveCfg = Debug|Any CPU
		{BB00E659-E5D8-45B3-86E6-30179853C555}.Debug|Any CPU.Build.0 = Debug|Any CPU
		{BB00E659-E5D8-45B3-86E6-30179853C555}.Release|Any CPU.ActiveCfg = Release|Any CPU
		{BB00E659-E5D8-45B3-86E6-30179853C555}.Release|Any CPU.Build.0 = Release|Any CPU
		{224243AB-78C8-48DF-823E-4A7B74F9640A}.Debug|Any CPU.ActiveCfg = Debug|Any CPU
		{224243AB-78C8-48DF-823E-4A7B74F9640A}.Debug|Any CPU.Build.0 = Debug|Any CPU
		{224243AB-78C8-48DF-823E-4A7B74F9640A}.Release|Any CPU.ActiveCfg = Release|Any CPU
		{224243AB-78C8-48DF-823E-4A7B74F9640A}.Release|Any CPU.Build.0 = Release|Any CPU
		{5CB0035A-10BE-450A-B50D-5BB4E1AEEEE9}.Debug|Any CPU.ActiveCfg = Debug|Any CPU
		{5CB0035A-10BE-450A-B50D-5BB4E1AEEEE9}.Debug|Any CPU.Build.0 = Debug|Any CPU
		{5CB0035A-10BE-450A-B50D-5BB4E1AEEEE9}.Release|Any CPU.ActiveCfg = Release|Any CPU
		{5CB0035A-10BE-450A-B50D-5BB4E1AEEEE9}.Release|Any CPU.Build.0 = Release|Any CPU
	EndGlobalSection
	GlobalSection(SolutionProperties) = preSolution
		HideSolutionNode = FALSE
	EndGlobalSection
	GlobalSection(ExtensibilityGlobals) = postSolution
		SolutionGuid = {7E04B248-FFAB-42AD-83E9-700BE749FE5A}
	EndGlobalSection
EndGlobal
