
Microsoft Visual Studio Solution File, Format Version 12.00
# Visual Studio 15
VisualStudioVersion = 15.0.28307.136
MinimumVisualStudioVersion = 10.0.40219.1
Project("{FAE04EC0-301F-11D3-BF4B-00C04F79EFBC}") = "DataAccess", "DataAccess\DataAccess.csproj", "{352D11A3-B352-4AE7-BB37-17B4350CB266}"
EndProject
Project("{FAE04EC0-301F-11D3-BF4B-00C04F79EFBC}") = "Business", "Business\Business.csproj", "{451FACF1-BF39-4989-A3BD-22484CB5C05E}"
EndProject
Project("{FAE04EC0-301F-11D3-BF4B-00C04F79EFBC}") = "Core", "Core\Core.csproj", "{D158513B-1268-474A-B4C9-96EAAFA20B7B}"
EndProject
Project("{FAE04EC0-301F-11D3-BF4B-00C04F79EFBC}") = "Entities", "Entities\Entities.csproj", "{29822DAD-E4BB-458C-B7E2-1C88F1F2393A}"
EndProject
Project("{FAE04EC0-301F-11D3-BF4B-00C04F79EFBC}") = "UnitTest", "UnitTest\UnitTest.csproj", "{DDD483D9-4D73-45EC-A2CE-56544EDBBAF8}"
EndProject
Global
	GlobalSection(SolutionConfigurationPlatforms) = preSolution
		Debug|Any CPU = Debug|Any CPU
		Release|Any CPU = Release|Any CPU
	EndGlobalSection
	GlobalSection(ProjectConfigurationPlatforms) = postSolution
		{352D11A3-B352-4AE7-BB37-17B4350CB266}.Debug|Any CPU.ActiveCfg = Debug|Any CPU
		{352D11A3-B352-4AE7-BB37-17B4350CB266}.Debug|Any CPU.Build.0 = Debug|Any CPU
		{352D11A3-B352-4AE7-BB37-17B4350CB266}.Release|Any CPU.ActiveCfg = Release|Any CPU
		{352D11A3-B352-4AE7-BB37-17B4350CB266}.Release|Any CPU.Build.0 = Release|Any CPU
		{451FACF1-BF39-4989-A3BD-22484CB5C05E}.Debug|Any CPU.ActiveCfg = Debug|Any CPU
		{451FACF1-BF39-4989-A3BD-22484CB5C05E}.Debug|Any CPU.Build.0 = Debug|Any CPU
		{451FACF1-BF39-4989-A3BD-22484CB5C05E}.Release|Any CPU.ActiveCfg = Release|Any CPU
		{451FACF1-BF39-4989-A3BD-22484CB5C05E}.Release|Any CPU.Build.0 = Release|Any CPU
		{D158513B-1268-474A-B4C9-96EAAFA20B7B}.Debug|Any CPU.ActiveCfg = Debug|Any CPU
		{D158513B-1268-474A-B4C9-96EAAFA20B7B}.Debug|Any CPU.Build.0 = Debug|Any CPU
		{D158513B-1268-474A-B4C9-96EAAFA20B7B}.Release|Any CPU.ActiveCfg = Release|Any CPU
		{D158513B-1268-474A-B4C9-96EAAFA20B7B}.Release|Any CPU.Build.0 = Release|Any CPU
		{29822DAD-E4BB-458C-B7E2-1C88F1F2393A}.Debug|Any CPU.ActiveCfg = Debug|Any CPU
		{29822DAD-E4BB-458C-B7E2-1C88F1F2393A}.Debug|Any CPU.Build.0 = Debug|Any CPU
		{29822DAD-E4BB-458C-B7E2-1C88F1F2393A}.Release|Any CPU.ActiveCfg = Release|Any CPU
		{29822DAD-E4BB-458C-B7E2-1C88F1F2393A}.Release|Any CPU.Build.0 = Release|Any CPU
		{DDD483D9-4D73-45EC-A2CE-56544EDBBAF8}.Debug|Any CPU.ActiveCfg = Debug|Any CPU
		{DDD483D9-4D73-45EC-A2CE-56544EDBBAF8}.Debug|Any CPU.Build.0 = Debug|Any CPU
		{DDD483D9-4D73-45EC-A2CE-56544EDBBAF8}.Release|Any CPU.ActiveCfg = Release|Any CPU
		{DDD483D9-4D73-45EC-A2CE-56544EDBBAF8}.Release|Any CPU.Build.0 = Release|Any CPU
	EndGlobalSection
	GlobalSection(SolutionProperties) = preSolution
		HideSolutionNode = FALSE
	EndGlobalSection
	GlobalSection(ExtensibilityGlobals) = postSolution
		SolutionGuid = {BE011AD8-E7A6-4370-82EA-68F81E321C50}
	EndGlobalSection
EndGlobal
